
Microsoft Visual Studio Solution File, Format Version 12.00
# Visual Studio Version 17
VisualStudioVersion = 17.11.35327.3
MinimumVisualStudioVersion = 10.0.40219.1
Project("{9A19103F-16F7-4668-BE54-9A1E7A4F7556}") = "BookFinderAPI", "BookFinderAPI.csproj", "{1627BB57-6055-471A-BE0B-B049B4894DB1}"
EndProject
Global
	GlobalSection(SolutionConfigurationPlatforms) = preSolution
		Debug|Any CPU = Debug|Any CPU
		Release|Any CPU = Release|Any CPU
	EndGlobalSection
	GlobalSection(ProjectConfigurationPlatforms) = postSolution
		{1627BB57-6055-471A-BE0B-B049B4894DB1}.Debug|Any CPU.ActiveCfg = Debug|Any CPU
		{1627BB57-6055-471A-BE0B-B049B4894DB1}.Debug|Any CPU.Build.0 = Debug|Any CPU
		{1627BB57-6055-471A-BE0B-B049B4894DB1}.Release|Any CPU.ActiveCfg = Release|Any CPU
		{1627BB57-6055-471A-BE0B-B049B4894DB1}.Release|Any CPU.Build.0 = Release|Any CPU
	EndGlobalSection
	GlobalSection(SolutionProperties) = preSolution
		HideSolutionNode = FALSE
	EndGlobalSection
	GlobalSection(ExtensibilityGlobals) = postSolution
		SolutionGuid = {1CBF9871-5383-4B9B-806F-0F3A9EEB36F4}
	EndGlobalSection
EndGlobal
